// !$*UTF8*$!
{
	archiveVersion = 1;
	classes = {
	};
	objectVersion = 46;
	objects = {

/* Begin PBXBuildFile section */
		4CBAAE921C59EDE200F6628B /* AppDelegate.swift in Sources */ = {isa = PBXBuildFile; fileRef = 4CBAAE911C59EDE200F6628B /* AppDelegate.swift */; };
		4CBAAE941C59EDE200F6628B /* ViewController.swift in Sources */ = {isa = PBXBuildFile; fileRef = 4CBAAE931C59EDE200F6628B /* ViewController.swift */; };
		4CBAAE971C59EDE200F6628B /* Main.storyboard in Resources */ = {isa = PBXBuildFile; fileRef = 4CBAAE951C59EDE200F6628B /* Main.storyboard */; };
		4CBAAE9A1C59EDE200F6628B /* Travis.xcdatamodeld in Sources */ = {isa = PBXBuildFile; fileRef = 4CBAAE981C59EDE200F6628B /* Travis.xcdatamodeld */; };
		4CBAAE9C1C59EDE200F6628B /* Assets.xcassets in Resources */ = {isa = PBXBuildFile; fileRef = 4CBAAE9B1C59EDE200F6628B /* Assets.xcassets */; };
		4CBAAE9F1C59EDE200F6628B /* LaunchScreen.storyboard in Resources */ = {isa = PBXBuildFile; fileRef = 4CBAAE9D1C59EDE200F6628B /* LaunchScreen.storyboard */; };
/* End PBXBuildFile section */

/* Begin PBXFileReference section */
		4CBAAE8E1C59EDE100F6628B /* Travis.app */ = {isa = PBXFileReference; explicitFileType = wrapper.application; includeInIndex = 0; path = Travis.app; sourceTree = BUILT_PRODUCTS_DIR; };
		4CBAAE911C59EDE200F6628B /* AppDelegate.swift */ = {isa = PBXFileReference; lastKnownFileType = sourcecode.swift; path = AppDelegate.swift; sourceTree = "<group>"; };
		4CBAAE931C59EDE200F6628B /* ViewController.swift */ = {isa = PBXFileReference; lastKnownFileType = sourcecode.swift; path = ViewController.swift; sourceTree = "<group>"; };
		4CBAAE961C59EDE200F6628B /* Base */ = {isa = PBXFileReference; lastKnownFileType = file.storyboard; name = Base; path = Base.lproj/Main.storyboard; sourceTree = "<group>"; };
		4CBAAE991C59EDE200F6628B /* Travis.xcdatamodel */ = {isa = PBXFileReference; lastKnownFileType = wrapper.xcdatamodel; path = Travis.xcdatamodel; sourceTree = "<group>"; };
		4CBAAE9B1C59EDE200F6628B /* Assets.xcassets */ = {isa = PBXFileReference; lastKnownFileType = folder.assetcatalog; path = Assets.xcassets; sourceTree = "<group>"; };
		4CBAAE9E1C59EDE200F6628B /* Base */ = {isa = PBXFileReference; lastKnownFileType = file.storyboard; name = Base; path = Base.lproj/LaunchScreen.storyboard; sourceTree = "<group>"; };
		4CBAAEA01C59EDE200F6628B /* Info.plist */ = {isa = PBXFileReference; lastKnownFileType = text.plist.xml; path = Info.plist; sourceTree = "<group>"; };
/* End PBXFileReference section */

/* Begin PBXFrameworksBuildPhase section */
		4CBAAE8B1C59EDE100F6628B /* Frameworks */ = {
			isa = PBXFrameworksBuildPhase;
			buildActionMask = 2147483647;
			files = (
			);
			runOnlyForDeploymentPostprocessing = 0;
		};
/* End PBXFrameworksBuildPhase section */

/* Begin PBXGroup section */
		4CBAAE851C59EDE100F6628B = {
			isa = PBXGroup;
			children = (
				4CBAAE901C59EDE100F6628B /* Travis */,
				4CBAAE8F1C59EDE100F6628B /* Products */,
			);
			sourceTree = "<group>";
		};
		4CBAAE8F1C59EDE100F6628B /* Products */ = {
			isa = PBXGroup;
			children = (
				4CBAAE8E1C59EDE100F6628B /* Travis.app */,
			);
			name = Products;
			sourceTree = "<group>";
		};
		4CBAAE901C59EDE100F6628B /* Travis */ = {
			isa = PBXGroup;
			children = (
				4CBAAE911C59EDE200F6628B /* AppDelegate.swift */,
				4CBAAE931C59EDE200F6628B /* ViewController.swift */,
				4CBAAE951C59EDE200F6628B /* Main.storyboard */,
				4CBAAE9B1C59EDE200F6628B /* Assets.xcassets */,
				4CBAAE9D1C59EDE200F6628B /* LaunchScreen.storyboard */,
				4CBAAEA01C59EDE200F6628B /* Info.plist */,
				4CBAAE981C59EDE200F6628B /* Travis.xcdatamodeld */,
			);
			path = Travis;
			sourceTree = "<group>";
		};
/* End PBXGroup section */

/* Begin PBXNativeTarget section */
		4CBAAE8D1C59EDE100F6628B /* Travis */ = {
			isa = PBXNativeTarget;
			buildConfigurationList = 4CBAAEA31C59EDE200F6628B /* Build configuration list for PBXNativeTarget "Travis" */;
			buildPhases = (
				4CBAAE8A1C59EDE100F6628B /* Sources */,
				4CBAAE8B1C59EDE100F6628B /* Frameworks */,
				4CBAAE8C1C59EDE100F6628B /* Resources */,
			);
			buildRules = (
			);
			dependencies = (
			);
			name = Travis;
			productName = Travis;
			productReference = 4CBAAE8E1C59EDE100F6628B /* Travis.app */;
			productType = "com.apple.product-type.application";
		};
/* End PBXNativeTarget section */

/* Begin PBXProject section */
		4CBAAE861C59EDE100F6628B /* Project object */ = {
			isa = PBXProject;
			attributes = {
				LastSwiftUpdateCheck = 0720;
				LastUpgradeCheck = 0720;
				ORGANIZATIONNAME = Jessica;
				TargetAttributes = {
					4CBAAE8D1C59EDE100F6628B = {
						CreatedOnToolsVersion = 7.2;
					};
				};
			};
			buildConfigurationList = 4CBAAE891C59EDE100F6628B /* Build configuration list for PBXProject "Travis" */;
			compatibilityVersion = "Xcode 3.2";
			developmentRegion = English;
			hasScannedForEncodings = 0;
			knownRegions = (
				en,
				Base,
			);
			mainGroup = 4CBAAE851C59EDE100F6628B;
			productRefGroup = 4CBAAE8F1C59EDE100F6628B /* Products */;
			projectDirPath = "";
			projectRoot = "";
			targets = (
				4CBAAE8D1C59EDE100F6628B /* Travis */,
			);
		};
/* End PBXProject section */

/* Begin PBXResourcesBuildPhase section */
		4CBAAE8C1C59EDE100F6628B /* Resources */ = {
			isa = PBXResourcesBuildPhase;
			buildActionMask = 2147483647;
			files = (
				4CBAAE9F1C59EDE200F6628B /* LaunchScreen.storyboard in Resources */,
				4CBAAE9C1C59EDE200F6628B /* Assets.xcassets in Resources */,
				4CBAAE971C59EDE200F6628B /* Main.storyboard in Resources */,
			);
			runOnlyForDeploymentPostprocessing = 0;
		};
/* End PBXResourcesBuildPhase section */

/* Begin PBXSourcesBuildPhase section */
		4CBAAE8A1C59EDE100F6628B /* Sources */ = {
			isa = PBXSourcesBuildPhase;
			buildActionMask = 2147483647;
			files = (
				4CBAAE941C59EDE200F6628B /* ViewController.swift in Sources */,
				4CBAAE921C59EDE200F6628B /* AppDelegate.swift in Sources */,
				4CBAAE9A1C59EDE200F6628B /* Travis.xcdatamodeld in Sources */,
			);
			runOnlyForDeploymentPostprocessing = 0;
		};
/* End PBXSourcesBuildPhase section */

/* Begin PBXVariantGroup section */
		4CBAAE951C59EDE200F6628B /* Main.storyboard */ = {
			isa = PBXVariantGroup;
			children = (
				4CBAAE961C59EDE200F6628B /* Base */,
			);
			name = Main.storyboard;
			sourceTree = "<group>";
		};
		4CBAAE9D1C59EDE200F6628B /* LaunchScreen.storyboard */ = {
			isa = PBXVariantGroup;
			children = (
				4CBAAE9E1C59EDE200F6628B /* Base */,
			);
			name = LaunchScreen.storyboard;
			sourceTree = "<group>";
		};
/* End PBXVariantGroup section */

/* Begin XCBuildConfiguration section */
		4CBAAEA11C59EDE200F6628B /* Debug */ = {
			isa = XCBuildConfiguration;
			buildSettings = {
				ALWAYS_SEARCH_USER_PATHS = NO;
				CLANG_CXX_LANGUAGE_STANDARD = "gnu++0x";
				CLANG_CXX_LIBRARY = "libc++";
				CLANG_ENABLE_MODULES = YES;
				CLANG_ENABLE_OBJC_ARC = YES;
				CLANG_WARN_BOOL_CONVERSION = YES;
				CLANG_WARN_CONSTANT_CONVERSION = YES;
				CLANG_WARN_DIRECT_OBJC_ISA_USAGE = YES_ERROR;
				CLANG_WARN_EMPTY_BODY = YES;
				CLANG_WARN_ENUM_CONVERSION = YES;
				CLANG_WARN_INT_CONVERSION = YES;
				CLANG_WARN_OBJC_ROOT_CLASS = YES_ERROR;
				CLANG_WARN_UNREACHABLE_CODE = YES;
				CLANG_WARN__DUPLICATE_METHOD_MATCH = YES;
				"CODE_SIGN_IDENTITY[sdk=iphoneos*]" = "iPhone Developer";
				COPY_PHASE_STRIP = NO;
				DEBUG_INFORMATION_FORMAT = dwarf;
				ENABLE_STRICT_OBJC_MSGSEND = YES;
				ENABLE_TESTABILITY = YES;
				GCC_C_LANGUAGE_STANDARD = gnu99;
				GCC_DYNAMIC_NO_PIC = NO;
				GCC_NO_COMMON_BLOCKS = YES;
				GCC_OPTIMIZATION_LEVEL = 0;
				GCC_PREPROCESSOR_DEFINITIONS = (
					"DEBUG=1",
					"$(inherited)",
				);
				GCC_WARN_64_TO_32_BIT_CONVERSION = YES;
				GCC_WARN_ABOUT_RETURN_TYPE = YES_ERROR;
				GCC_WARN_UNDECLARED_SELECTOR = YES;
				GCC_WARN_UNINITIALIZED_AUTOS = YES_AGGRESSIVE;
				GCC_WARN_UNUSED_FUNCTION = YES;
				GCC_WARN_UNUSED_VARIABLE = YES;
				IPHONEOS_DEPLOYMENT_TARGET = 9.2;
				MTL_ENABLE_DEBUG_INFO = YES;
				ONLY_ACTIVE_ARCH = YES;
				SDKROOT = iphoneos;
				SWIFT_OPTIMIZATION_LEVEL = "-Onone";
				TARGETED_DEVICE_FAMILY = "1,2";
			};
			name = Debug;
		};
		4CBAAEA21C59EDE200F6628B /* Release */ = {
			isa = XCBuildConfiguration;
			buildSettings = {
				ALWAYS_SEARCH_USER_PATHS = NO;
				CLANG_CXX_LANGUAGE_STANDARD = "gnu++0x";
				CLANG_CXX_LIBRARY = "libc++";
				CLANG_ENABLE_MODULES = YES;
				CLANG_ENABLE_OBJC_ARC = YES;
				CLANG_WARN_BOOL_CONVERSION = YES;
				CLANG_WARN_CONSTANT_CONVERSION = YES;
				CLANG_WARN_DIRECT_OBJC_ISA_USAGE = YES_ERROR;
				CLANG_WARN_EMPTY_BODY = YES;
				CLANG_WARN_ENUM_CONVERSION = YES;
				CLANG_WARN_INT_CONVERSION = YES;
				CLANG_WARN_OBJC_ROOT_CLASS = YES_ERROR;
				CLANG_WARN_UNREACHABLE_CODE = YES;
				CLANG_WARN__DUPLICATE_METHOD_MATCH = YES;
				"CODE_SIGN_IDENTITY[sdk=iphoneos*]" = "iPhone Developer";
				COPY_PHASE_STRIP = NO;
				DEBUG_INFORMATION_FORMAT = "dwarf-with-dsym";
				ENABLE_NS_ASSERTIONS = NO;
				ENABLE_STRICT_OBJC_MSGSEND = YES;
				GCC_C_LANGUAGE_STANDARD = gnu99;
				GCC_NO_COMMON_BLOCKS = YES;
				GCC_WARN_64_TO_32_BIT_CONVERSION = YES;
				GCC_WARN_ABOUT_RETURN_TYPE = YES_ERROR;
				GCC_WARN_UNDECLARED_SELECTOR = YES;
				GCC_WARN_UNINITIALIZED_AUTOS = YES_AGGRESSIVE;
				GCC_WARN_UNUSED_FUNCTION = YES;
				GCC_WARN_UNUSED_VARIABLE = YES;
				IPHONEOS_DEPLOYMENT_TARGET = 9.2;
				MTL_ENABLE_DEBUG_INFO = NO;
				SDKROOT = iphoneos;
				TARGETED_DEVICE_FAMILY = "1,2";
				VALIDATE_PRODUCT = YES;
			};
			name = Release;
		};
		4CBAAEA41C59EDE200F6628B /* Debug */ = {
			isa = XCBuildConfiguration;
			buildSettings = {
				ASSETCATALOG_COMPILER_APPICON_NAME = AppIcon;
				INFOPLIST_FILE = Travis/Info.plist;
				LD_RUNPATH_SEARCH_PATHS = "$(inherited) @executable_path/Frameworks";
				PRODUCT_BUNDLE_IDENTIFIER = NNMM.Travis;
				PRODUCT_NAME = "$(TARGET_NAME)";
			};
			name = Debug;
		};
		4CBAAEA51C59EDE200F6628B /* Release */ = {
			isa = XCBuildConfiguration;
			buildSettings = {
				ASSETCATALOG_COMPILER_APPICON_NAME = AppIcon;
				INFOPLIST_FILE = Travis/Info.plist;
				LD_RUNPATH_SEARCH_PATHS = "$(inherited) @executable_path/Frameworks";
				PRODUCT_BUNDLE_IDENTIFIER = NNMM.Travis;
				PRODUCT_NAME = "$(TARGET_NAME)";
			};
			name = Release;
		};
/* End XCBuildConfiguration section */

/* Begin XCConfigurationList section */
		4CBAAE891C59EDE100F6628B /* Build configuration list for PBXProject "Travis" */ = {
			isa = XCConfigurationList;
			buildConfigurations = (
				4CBAAEA11C59EDE200F6628B /* Debug */,
				4CBAAEA21C59EDE200F6628B /* Release */,
			);
			defaultConfigurationIsVisible = 0;
			defaultConfigurationName = Release;
		};
		4CBAAEA31C59EDE200F6628B /* Build configuration list for PBXNativeTarget "Travis" */ = {
			isa = XCConfigurationList;
			buildConfigurations = (
				4CBAAEA41C59EDE200F6628B /* Debug */,
				4CBAAEA51C59EDE200F6628B /* Release */,
			);
			defaultConfigurationIsVisible = 0;
		};
/* End XCConfigurationList section */

/* Begin XCVersionGroup section */
		4CBAAE981C59EDE200F6628B /* Travis.xcdatamodeld */ = {
			isa = XCVersionGroup;
			children = (
				4CBAAE991C59EDE200F6628B /* Travis.xcdatamodel */,
			);
			currentVersion = 4CBAAE991C59EDE200F6628B /* Travis.xcdatamodel */;
			path = Travis.xcdatamodeld;
			sourceTree = "<group>";
			versionGroupType = wrapper.xcdatamodel;
		};
/* End XCVersionGroup section */
	};
	rootObject = 4CBAAE861C59EDE100F6628B /* Project object */;
}
